// !$*UTF8*$!
{
	archiveVersion = 1;
	classes = {
	};
	objectVersion = 46;
	objects = {

/* Begin PBXBuildFile section */
		1A74A55C1CC7E0CD00404E28 /* NSWindow+FullScreenMode.h in Headers */ = {isa = PBXBuildFile; fileRef = 1A74A55A1CC7E0CD00404E28 /* NSWindow+FullScreenMode.h */; };
		1A74A55D1CC7E0CD00404E28 /* NSWindow+FullScreenMode.m in Sources */ = {isa = PBXBuildFile; fileRef = 1A74A55B1CC7E0CD00404E28 /* NSWindow+FullScreenMode.m */; };
		1A8166FE1CC5311F00D70CBE /* MPPresentationWindowController.h in Headers */ = {isa = PBXBuildFile; fileRef = 1A8166FC1CC5311F00D70CBE /* MPPresentationWindowController.h */; };
		1A8166FF1CC5311F00D70CBE /* MPPresentationWindowController.m in Sources */ = {isa = PBXBuildFile; fileRef = 1A8166FD1CC5311F00D70CBE /* MPPresentationWindowController.m */; };
		1A8167021CC5321800D70CBE /* MPPresentationWindow.h in Headers */ = {isa = PBXBuildFile; fileRef = 1A8167001CC5321800D70CBE /* MPPresentationWindow.h */; };
		1A8167031CC5321800D70CBE /* MPPresentationWindow.m in Sources */ = {isa = PBXBuildFile; fileRef = 1A8167011CC5321800D70CBE /* MPPresentationWindow.m */; };
		1AB82C071CC40BDD00E348D4 /* MagicPresenter.framework in Frameworks */ = {isa = PBXBuildFile; fileRef = 1AB82BFC1CC40BDD00E348D4 /* MagicPresenter.framework */; };
		1AB82C0C1CC40BDD00E348D4 /* PresentationTests.m in Sources */ = {isa = PBXBuildFile; fileRef = 1AB82C0B1CC40BDD00E348D4 /* PresentationTests.m */; };
		1AB82C1C1CC40BEC00E348D4 /* MPPresentationController.h in Headers */ = {isa = PBXBuildFile; fileRef = 1AB82C161CC40BEC00E348D4 /* MPPresentationController.h */; };
		1AB82C1D1CC40BEC00E348D4 /* MPPresentationController.m in Sources */ = {isa = PBXBuildFile; fileRef = 1AB82C171CC40BEC00E348D4 /* MPPresentationController.m */; };
		1AB82C1E1CC40BEC00E348D4 /* MPPresentation.storyboard in Resources */ = {isa = PBXBuildFile; fileRef = 1AB82C181CC40BEC00E348D4 /* MPPresentation.storyboard */; };
		1AB82C1F1CC40BEC00E348D4 /* MPPresentationViewController.h in Headers */ = {isa = PBXBuildFile; fileRef = 1AB82C191CC40BEC00E348D4 /* MPPresentationViewController.h */; };
		1AB82C201CC40BEC00E348D4 /* MPPresentationViewController.m in Sources */ = {isa = PBXBuildFile; fileRef = 1AB82C1A1CC40BEC00E348D4 /* MPPresentationViewController.m */; };
		1AB82C211CC40BEC00E348D4 /* MPSlide.h in Headers */ = {isa = PBXBuildFile; fileRef = 1AB82C1B1CC40BEC00E348D4 /* MPSlide.h */; };
		1AB82C231CC40C1C00E348D4 /* MagicPresenter.framework in CopyFiles */ = {isa = PBXBuildFile; fileRef = 1AB82BFC1CC40BDD00E348D4 /* MagicPresenter.framework */; };
		1AE44CFA1CD1C60800B48B92 /* MagicPresenter.h in Headers */ = {isa = PBXBuildFile; fileRef = 1AB82BFF1CC40BDD00E348D4 /* MagicPresenter.h */; };
		1AE44D2B1CD2116100B48B92 /* Deferrable.h in Headers */ = {isa = PBXBuildFile; fileRef = 1AE44CFB1CD2116100B48B92 /* Deferrable.h */; };
		1AE44D2D1CD2116100B48B92 /* DeferableTracker.h in Headers */ = {isa = PBXBuildFile; fileRef = 1AE44CFD1CD2116100B48B92 /* DeferableTracker.h */; };
		1AE44D2E1CD2116100B48B92 /* DeferableTracker.m in Sources */ = {isa = PBXBuildFile; fileRef = 1AE44CFE1CD2116100B48B92 /* DeferableTracker.m */; };
		1AE44D301CD2116100B48B92 /* Each.h in Headers */ = {isa = PBXBuildFile; fileRef = 1AE44D001CD2116100B48B92 /* Each.h */; };
		1AE44D311CD2116100B48B92 /* Each.m in Sources */ = {isa = PBXBuildFile; fileRef = 1AE44D011CD2116100B48B92 /* Each.m */; };
		1AE44D321CD2116100B48B92 /* Event.h in Headers */ = {isa = PBXBuildFile; fileRef = 1AE44D021CD2116100B48B92 /* Event.h */; };
		1AE44D331CD2116100B48B92 /* Event.m in Sources */ = {isa = PBXBuildFile; fileRef = 1AE44D031CD2116100B48B92 /* Event.m */; };
		1AE44D341CD2116100B48B92 /* Tracker.h in Headers */ = {isa = PBXBuildFile; fileRef = 1AE44D041CD2116100B48B92 /* Tracker.h */; };
		1AE44D351CD2116100B48B92 /* Tracker.m in Sources */ = {isa = PBXBuildFile; fileRef = 1AE44D051CD2116100B48B92 /* Tracker.m */; };
		1AE44D361CD2116100B48B92 /* TimedTracker.h in Headers */ = {isa = PBXBuildFile; fileRef = 1AE44D061CD2116100B48B92 /* TimedTracker.h */; };
		1AE44D371CD2116100B48B92 /* TimedTracker.m in Sources */ = {isa = PBXBuildFile; fileRef = 1AE44D071CD2116100B48B92 /* TimedTracker.m */; };
		1AE44D381CD2116100B48B92 /* TimedTrackerDelegate.h in Headers */ = {isa = PBXBuildFile; fileRef = 1AE44D081CD2116100B48B92 /* TimedTrackerDelegate.h */; };
		1AE44D391CD2116100B48B92 /* TimedEvent.h in Headers */ = {isa = PBXBuildFile; fileRef = 1AE44D091CD2116100B48B92 /* TimedEvent.h */; };
		1AE44D3A1CD2116100B48B92 /* TimedEvent.m in Sources */ = {isa = PBXBuildFile; fileRef = 1AE44D0A1CD2116100B48B92 /* TimedEvent.m */; };
		1AE44D3B1CD2116100B48B92 /* CounterTracker.h in Headers */ = {isa = PBXBuildFile; fileRef = 1AE44D0B1CD2116100B48B92 /* CounterTracker.h */; };
		1AE44D3C1CD2116100B48B92 /* CounterTracker.m in Sources */ = {isa = PBXBuildFile; fileRef = 1AE44D0C1CD2116100B48B92 /* CounterTracker.m */; };
		1AE44D411CD2116100B48B92 /* MockedTracker.h in Headers */ = {isa = PBXBuildFile; fileRef = 1AE44D111CD2116100B48B92 /* MockedTracker.h */; };
		1AE44D421CD2116100B48B92 /* MockedTracker.m in Sources */ = {isa = PBXBuildFile; fileRef = 1AE44D121CD2116100B48B92 /* MockedTracker.m */; };
		1AE44D471CD2116100B48B92 /* TrackerManager.h in Headers */ = {isa = PBXBuildFile; fileRef = 1AE44D171CD2116100B48B92 /* TrackerManager.h */; };
		1AE44D481CD2116100B48B92 /* TrackerManager.m in Sources */ = {isa = PBXBuildFile; fileRef = 1AE44D181CD2116100B48B92 /* TrackerManager.m */; };
		1AE44D491CD2116100B48B92 /* TrackerPersister.h in Headers */ = {isa = PBXBuildFile; fileRef = 1AE44D191CD2116100B48B92 /* TrackerPersister.h */; };
		1AE44D4A1CD2116100B48B92 /* TrackerPersister.m in Sources */ = {isa = PBXBuildFile; fileRef = 1AE44D1A1CD2116100B48B92 /* TrackerPersister.m */; };
		1AE44D561CD2116100B48B92 /* invalid.json in Resources */ = {isa = PBXBuildFile; fileRef = 1AE44D261CD2116100B48B92 /* invalid.json */; };
		1AE44D571CD2116100B48B92 /* wrongtype.json in Resources */ = {isa = PBXBuildFile; fileRef = 1AE44D271CD2116100B48B92 /* wrongtype.json */; };
		1AE44D581CD2116100B48B92 /* NSMutableArray+Shuffle.h in Headers */ = {isa = PBXBuildFile; fileRef = 1AE44D281CD2116100B48B92 /* NSMutableArray+Shuffle.h */; };
		1AE44D591CD2116100B48B92 /* NSMutableArray+Shuffle.m in Sources */ = {isa = PBXBuildFile; fileRef = 1AE44D291CD2116100B48B92 /* NSMutableArray+Shuffle.m */; };
		1AE44D5C1CD2119100B48B92 /* TrackerTests.m in Sources */ = {isa = PBXBuildFile; fileRef = 1AE44D1B1CD2116100B48B92 /* TrackerTests.m */; };
		1AE44D5D1CD2119100B48B92 /* TimedTrackerTests.m in Sources */ = {isa = PBXBuildFile; fileRef = 1AE44D1C1CD2116100B48B92 /* TimedTrackerTests.m */; };
		1AE44D5E1CD2119100B48B92 /* TimedEventTests.m in Sources */ = {isa = PBXBuildFile; fileRef = 1AE44D1D1CD2116100B48B92 /* TimedEventTests.m */; };
		1AE44D5F1CD211CA00B48B92 /* DeferableTrackerTests.m in Sources */ = {isa = PBXBuildFile; fileRef = 1AE44CFF1CD2116100B48B92 /* DeferableTrackerTests.m */; };
		1AE44D601CD211E200B48B92 /* NSMutableArrayShuffleTests.m in Sources */ = {isa = PBXBuildFile; fileRef = 1AE44D2A1CD2116100B48B92 /* NSMutableArrayShuffleTests.m */; };
		1AE44D631CD219FE00B48B92 /* SegmentIOTracker.h in Headers */ = {isa = PBXBuildFile; fileRef = 1AE44D611CD219FE00B48B92 /* SegmentIOTracker.h */; };
		1AE44D641CD219FE00B48B92 /* SegmentIOTracker.m in Sources */ = {isa = PBXBuildFile; fileRef = 1AE44D621CD219FE00B48B92 /* SegmentIOTracker.m */; };
		1AE44D661CD24C3100B48B92 /* SegmentIOTrackerTests.m in Sources */ = {isa = PBXBuildFile; fileRef = 1AE44D651CD24C3100B48B92 /* SegmentIOTrackerTests.m */; };
		1AE44D691CD24D7B00B48B92 /* NSString+MD5.h in Headers */ = {isa = PBXBuildFile; fileRef = 1AE44D671CD24D7B00B48B92 /* NSString+MD5.h */; };
		1AE44D6A1CD24D7B00B48B92 /* NSString+MD5.m in Sources */ = {isa = PBXBuildFile; fileRef = 1AE44D681CD24D7B00B48B92 /* NSString+MD5.m */; };
/* End PBXBuildFile section */

/* Begin PBXContainerItemProxy section */
		1AB82C081CC40BDD00E348D4 /* PBXContainerItemProxy */ = {
			isa = PBXContainerItemProxy;
			containerPortal = 1AB82BF31CC40BDD00E348D4 /* Project object */;
			proxyType = 1;
			remoteGlobalIDString = 1AB82BFB1CC40BDD00E348D4;
			remoteInfo = Presentation;
		};
/* End PBXContainerItemProxy section */

/* Begin PBXCopyFilesBuildPhase section */
		1AB82C221CC40C1100E348D4 /* CopyFiles */ = {
			isa = PBXCopyFilesBuildPhase;
			buildActionMask = 2147483647;
			dstPath = "~/Projects/MagicPresenter/MagicPresenter.sketchplugin/Contents/Sketch";
			dstSubfolderSpec = 0;
			files = (
				1AB82C231CC40C1C00E348D4 /* MagicPresenter.framework in CopyFiles */,
			);
			runOnlyForDeploymentPostprocessing = 0;
		};
/* End PBXCopyFilesBuildPhase section */

/* Begin PBXFileReference section */
		1A74A55A1CC7E0CD00404E28 /* NSWindow+FullScreenMode.h */ = {isa = PBXFileReference; fileEncoding = 4; lastKnownFileType = sourcecode.c.h; path = "NSWindow+FullScreenMode.h"; sourceTree = "<group>"; };
		1A74A55B1CC7E0CD00404E28 /* NSWindow+FullScreenMode.m */ = {isa = PBXFileReference; fileEncoding = 4; lastKnownFileType = sourcecode.c.objc; path = "NSWindow+FullScreenMode.m"; sourceTree = "<group>"; };
		1A8166FC1CC5311F00D70CBE /* MPPresentationWindowController.h */ = {isa = PBXFileReference; fileEncoding = 4; lastKnownFileType = sourcecode.c.h; path = MPPresentationWindowController.h; sourceTree = "<group>"; };
		1A8166FD1CC5311F00D70CBE /* MPPresentationWindowController.m */ = {isa = PBXFileReference; fileEncoding = 4; lastKnownFileType = sourcecode.c.objc; path = MPPresentationWindowController.m; sourceTree = "<group>"; };
		1A8167001CC5321800D70CBE /* MPPresentationWindow.h */ = {isa = PBXFileReference; fileEncoding = 4; lastKnownFileType = sourcecode.c.h; path = MPPresentationWindow.h; sourceTree = "<group>"; };
		1A8167011CC5321800D70CBE /* MPPresentationWindow.m */ = {isa = PBXFileReference; fileEncoding = 4; lastKnownFileType = sourcecode.c.objc; path = MPPresentationWindow.m; sourceTree = "<group>"; };
		1AB82BFC1CC40BDD00E348D4 /* MagicPresenter.framework */ = {isa = PBXFileReference; explicitFileType = wrapper.framework; includeInIndex = 0; path = MagicPresenter.framework; sourceTree = BUILT_PRODUCTS_DIR; };
		1AB82BFF1CC40BDD00E348D4 /* MagicPresenter.h */ = {isa = PBXFileReference; lastKnownFileType = sourcecode.c.h; path = MagicPresenter.h; sourceTree = "<group>"; };
		1AB82C011CC40BDD00E348D4 /* Info.plist */ = {isa = PBXFileReference; lastKnownFileType = text.plist.xml; path = Info.plist; sourceTree = "<group>"; };
		1AB82C061CC40BDD00E348D4 /* MagicPresenter.xctest */ = {isa = PBXFileReference; explicitFileType = wrapper.cfbundle; includeInIndex = 0; path = MagicPresenter.xctest; sourceTree = BUILT_PRODUCTS_DIR; };
		1AB82C0B1CC40BDD00E348D4 /* PresentationTests.m */ = {isa = PBXFileReference; lastKnownFileType = sourcecode.c.objc; path = PresentationTests.m; sourceTree = "<group>"; };
		1AB82C0D1CC40BDD00E348D4 /* Info.plist */ = {isa = PBXFileReference; lastKnownFileType = text.plist.xml; path = Info.plist; sourceTree = "<group>"; };
		1AB82C161CC40BEC00E348D4 /* MPPresentationController.h */ = {isa = PBXFileReference; fileEncoding = 4; lastKnownFileType = sourcecode.c.h; path = MPPresentationController.h; sourceTree = "<group>"; };
		1AB82C171CC40BEC00E348D4 /* MPPresentationController.m */ = {isa = PBXFileReference; fileEncoding = 4; lastKnownFileType = sourcecode.c.objc; path = MPPresentationController.m; sourceTree = "<group>"; };
		1AB82C181CC40BEC00E348D4 /* MPPresentation.storyboard */ = {isa = PBXFileReference; fileEncoding = 4; lastKnownFileType = file.storyboard; path = MPPresentation.storyboard; sourceTree = "<group>"; };
		1AB82C191CC40BEC00E348D4 /* MPPresentationViewController.h */ = {isa = PBXFileReference; fileEncoding = 4; lastKnownFileType = sourcecode.c.h; path = MPPresentationViewController.h; sourceTree = "<group>"; };
		1AB82C1A1CC40BEC00E348D4 /* MPPresentationViewController.m */ = {isa = PBXFileReference; fileEncoding = 4; lastKnownFileType = sourcecode.c.objc; path = MPPresentationViewController.m; sourceTree = "<group>"; };
		1AB82C1B1CC40BEC00E348D4 /* MPSlide.h */ = {isa = PBXFileReference; fileEncoding = 4; lastKnownFileType = sourcecode.c.h; path = MPSlide.h; sourceTree = "<group>"; };
		1AE44CFB1CD2116100B48B92 /* Deferrable.h */ = {isa = PBXFileReference; fileEncoding = 4; lastKnownFileType = sourcecode.c.h; path = Deferrable.h; sourceTree = "<group>"; };
		1AE44CFD1CD2116100B48B92 /* DeferableTracker.h */ = {isa = PBXFileReference; fileEncoding = 4; lastKnownFileType = sourcecode.c.h; path = DeferableTracker.h; sourceTree = "<group>"; };
		1AE44CFE1CD2116100B48B92 /* DeferableTracker.m */ = {isa = PBXFileReference; fileEncoding = 4; lastKnownFileType = sourcecode.c.objc; path = DeferableTracker.m; sourceTree = "<group>"; };
		1AE44CFF1CD2116100B48B92 /* DeferableTrackerTests.m */ = {isa = PBXFileReference; fileEncoding = 4; lastKnownFileType = sourcecode.c.objc; path = DeferableTrackerTests.m; sourceTree = "<group>"; };
		1AE44D001CD2116100B48B92 /* Each.h */ = {isa = PBXFileReference; fileEncoding = 4; lastKnownFileType = sourcecode.c.h; path = Each.h; sourceTree = "<group>"; };
		1AE44D011CD2116100B48B92 /* Each.m */ = {isa = PBXFileReference; fileEncoding = 4; lastKnownFileType = sourcecode.c.objc; path = Each.m; sourceTree = "<group>"; };
		1AE44D021CD2116100B48B92 /* Event.h */ = {isa = PBXFileReference; fileEncoding = 4; lastKnownFileType = sourcecode.c.h; path = Event.h; sourceTree = "<group>"; };
		1AE44D031CD2116100B48B92 /* Event.m */ = {isa = PBXFileReference; fileEncoding = 4; lastKnownFileType = sourcecode.c.objc; path = Event.m; sourceTree = "<group>"; };
		1AE44D041CD2116100B48B92 /* Tracker.h */ = {isa = PBXFileReference; fileEncoding = 4; lastKnownFileType = sourcecode.c.h; path = Tracker.h; sourceTree = "<group>"; };
		1AE44D051CD2116100B48B92 /* Tracker.m */ = {isa = PBXFileReference; fileEncoding = 4; lastKnownFileType = sourcecode.c.objc; path = Tracker.m; sourceTree = "<group>"; };
		1AE44D061CD2116100B48B92 /* TimedTracker.h */ = {isa = PBXFileReference; fileEncoding = 4; lastKnownFileType = sourcecode.c.h; path = TimedTracker.h; sourceTree = "<group>"; };
		1AE44D071CD2116100B48B92 /* TimedTracker.m */ = {isa = PBXFileReference; fileEncoding = 4; lastKnownFileType = sourcecode.c.objc; path = TimedTracker.m; sourceTree = "<group>"; };
		1AE44D081CD2116100B48B92 /* TimedTrackerDelegate.h */ = {isa = PBXFileReference; fileEncoding = 4; lastKnownFileType = sourcecode.c.h; path = TimedTrackerDelegate.h; sourceTree = "<group>"; };
		1AE44D091CD2116100B48B92 /* TimedEvent.h */ = {isa = PBXFileReference; fileEncoding = 4; lastKnownFileType = sourcecode.c.h; path = TimedEvent.h; sourceTree = "<group>"; };
		1AE44D0A1CD2116100B48B92 /* TimedEvent.m */ = {isa = PBXFileReference; fileEncoding = 4; lastKnownFileType = sourcecode.c.objc; path = TimedEvent.m; sourceTree = "<group>"; };
		1AE44D0B1CD2116100B48B92 /* CounterTracker.h */ = {isa = PBXFileReference; fileEncoding = 4; lastKnownFileType = sourcecode.c.h; path = CounterTracker.h; sourceTree = "<group>"; };
		1AE44D0C1CD2116100B48B92 /* CounterTracker.m */ = {isa = PBXFileReference; fileEncoding = 4; lastKnownFileType = sourcecode.c.objc; path = CounterTracker.m; sourceTree = "<group>"; };
		1AE44D111CD2116100B48B92 /* MockedTracker.h */ = {isa = PBXFileReference; fileEncoding = 4; lastKnownFileType = sourcecode.c.h; path = MockedTracker.h; sourceTree = "<group>"; };
		1AE44D121CD2116100B48B92 /* MockedTracker.m */ = {isa = PBXFileReference; fileEncoding = 4; lastKnownFileType = sourcecode.c.objc; path = MockedTracker.m; sourceTree = "<group>"; };
		1AE44D171CD2116100B48B92 /* TrackerManager.h */ = {isa = PBXFileReference; fileEncoding = 4; lastKnownFileType = sourcecode.c.h; path = TrackerManager.h; sourceTree = "<group>"; };
		1AE44D181CD2116100B48B92 /* TrackerManager.m */ = {isa = PBXFileReference; fileEncoding = 4; lastKnownFileType = sourcecode.c.objc; path = TrackerManager.m; sourceTree = "<group>"; };
		1AE44D191CD2116100B48B92 /* TrackerPersister.h */ = {isa = PBXFileReference; fileEncoding = 4; lastKnownFileType = sourcecode.c.h; path = TrackerPersister.h; sourceTree = "<group>"; };
		1AE44D1A1CD2116100B48B92 /* TrackerPersister.m */ = {isa = PBXFileReference; fileEncoding = 4; lastKnownFileType = sourcecode.c.objc; path = TrackerPersister.m; sourceTree = "<group>"; };
		1AE44D1B1CD2116100B48B92 /* TrackerTests.m */ = {isa = PBXFileReference; fileEncoding = 4; lastKnownFileType = sourcecode.c.objc; path = TrackerTests.m; sourceTree = "<group>"; };
		1AE44D1C1CD2116100B48B92 /* TimedTrackerTests.m */ = {isa = PBXFileReference; fileEncoding = 4; lastKnownFileType = sourcecode.c.objc; path = TimedTrackerTests.m; sourceTree = "<group>"; };
		1AE44D1D1CD2116100B48B92 /* TimedEventTests.m */ = {isa = PBXFileReference; fileEncoding = 4; lastKnownFileType = sourcecode.c.objc; path = TimedEventTests.m; sourceTree = "<group>"; };
		1AE44D261CD2116100B48B92 /* invalid.json */ = {isa = PBXFileReference; fileEncoding = 4; lastKnownFileType = text.json; path = invalid.json; sourceTree = "<group>"; };
		1AE44D271CD2116100B48B92 /* wrongtype.json */ = {isa = PBXFileReference; fileEncoding = 4; lastKnownFileType = text.json; path = wrongtype.json; sourceTree = "<group>"; };
		1AE44D281CD2116100B48B92 /* NSMutableArray+Shuffle.h */ = {isa = PBXFileReference; fileEncoding = 4; lastKnownFileType = sourcecode.c.h; path = "NSMutableArray+Shuffle.h"; sourceTree = "<group>"; };
		1AE44D291CD2116100B48B92 /* NSMutableArray+Shuffle.m */ = {isa = PBXFileReference; fileEncoding = 4; lastKnownFileType = sourcecode.c.objc; path = "NSMutableArray+Shuffle.m"; sourceTree = "<group>"; };
		1AE44D2A1CD2116100B48B92 /* NSMutableArrayShuffleTests.m */ = {isa = PBXFileReference; fileEncoding = 4; lastKnownFileType = sourcecode.c.objc; path = NSMutableArrayShuffleTests.m; sourceTree = "<group>"; };
		1AE44D611CD219FE00B48B92 /* SegmentIOTracker.h */ = {isa = PBXFileReference; fileEncoding = 4; lastKnownFileType = sourcecode.c.h; path = SegmentIOTracker.h; sourceTree = "<group>"; };
		1AE44D621CD219FE00B48B92 /* SegmentIOTracker.m */ = {isa = PBXFileReference; fileEncoding = 4; lastKnownFileType = sourcecode.c.objc; path = SegmentIOTracker.m; sourceTree = "<group>"; };
		1AE44D651CD24C3100B48B92 /* SegmentIOTrackerTests.m */ = {isa = PBXFileReference; fileEncoding = 4; lastKnownFileType = sourcecode.c.objc; path = SegmentIOTrackerTests.m; sourceTree = "<group>"; };
		1AE44D671CD24D7B00B48B92 /* NSString+MD5.h */ = {isa = PBXFileReference; fileEncoding = 4; lastKnownFileType = sourcecode.c.h; path = "NSString+MD5.h"; sourceTree = "<group>"; };
		1AE44D681CD24D7B00B48B92 /* NSString+MD5.m */ = {isa = PBXFileReference; fileEncoding = 4; lastKnownFileType = sourcecode.c.objc; path = "NSString+MD5.m"; sourceTree = "<group>"; };
/* End PBXFileReference section */

/* Begin PBXFrameworksBuildPhase section */
		1AB82BF81CC40BDD00E348D4 /* Frameworks */ = {
			isa = PBXFrameworksBuildPhase;
			buildActionMask = 2147483647;
			files = (
			);
			runOnlyForDeploymentPostprocessing = 0;
		};
		1AB82C031CC40BDD00E348D4 /* Frameworks */ = {
			isa = PBXFrameworksBuildPhase;
			buildActionMask = 2147483647;
			files = (
				1AB82C071CC40BDD00E348D4 /* MagicPresenter.framework in Frameworks */,
			);
			runOnlyForDeploymentPostprocessing = 0;
		};
/* End PBXFrameworksBuildPhase section */

/* Begin PBXGroup section */
		1AB82BF21CC40BDD00E348D4 = {
			isa = PBXGroup;
			children = (
				1AB82BFE1CC40BDD00E348D4 /* MPPresentation */,
				1AB82C0A1CC40BDD00E348D4 /* MPPresentationTests */,
				1AB82BFD1CC40BDD00E348D4 /* Products */,
			);
			sourceTree = "<group>";
		};
		1AB82BFD1CC40BDD00E348D4 /* Products */ = {
			isa = PBXGroup;
			children = (
				1AB82BFC1CC40BDD00E348D4 /* MagicPresenter.framework */,
				1AB82C061CC40BDD00E348D4 /* MagicPresenter.xctest */,
			);
			name = Products;
			sourceTree = "<group>";
		};
		1AB82BFE1CC40BDD00E348D4 /* MPPresentation */ = {
			isa = PBXGroup;
			children = (
				1AE44D5B1CD2116700B48B92 /* Tracker */,
				1AB82C011CC40BDD00E348D4 /* Info.plist */,
				1AB82BFF1CC40BDD00E348D4 /* MagicPresenter.h */,
				1AB82C161CC40BEC00E348D4 /* MPPresentationController.h */,
				1AB82C171CC40BEC00E348D4 /* MPPresentationController.m */,
				1AB82C181CC40BEC00E348D4 /* MPPresentation.storyboard */,
				1AB82C191CC40BEC00E348D4 /* MPPresentationViewController.h */,
				1AB82C1A1CC40BEC00E348D4 /* MPPresentationViewController.m */,
				1A8166FC1CC5311F00D70CBE /* MPPresentationWindowController.h */,
				1A8166FD1CC5311F00D70CBE /* MPPresentationWindowController.m */,
				1A8167001CC5321800D70CBE /* MPPresentationWindow.h */,
				1A8167011CC5321800D70CBE /* MPPresentationWindow.m */,
				1AB82C1B1CC40BEC00E348D4 /* MPSlide.h */,
				1A74A55A1CC7E0CD00404E28 /* NSWindow+FullScreenMode.h */,
				1A74A55B1CC7E0CD00404E28 /* NSWindow+FullScreenMode.m */,
			);
			path = MPPresentation;
			sourceTree = "<group>";
		};
		1AB82C0A1CC40BDD00E348D4 /* MPPresentationTests */ = {
			isa = PBXGroup;
			children = (
				1AB82C0B1CC40BDD00E348D4 /* PresentationTests.m */,
				1AB82C0D1CC40BDD00E348D4 /* Info.plist */,
			);
			path = MPPresentationTests;
			sourceTree = "<group>";
		};
		1AE44D5B1CD2116700B48B92 /* Tracker */ = {
			isa = PBXGroup;
			children = (
				1AE44CFB1CD2116100B48B92 /* Deferrable.h */,
				1AE44CFD1CD2116100B48B92 /* DeferableTracker.h */,
				1AE44CFE1CD2116100B48B92 /* DeferableTracker.m */,
				1AE44D001CD2116100B48B92 /* Each.h */,
				1AE44D011CD2116100B48B92 /* Each.m */,
				1AE44D021CD2116100B48B92 /* Event.h */,
				1AE44D031CD2116100B48B92 /* Event.m */,
				1AE44D041CD2116100B48B92 /* Tracker.h */,
				1AE44D051CD2116100B48B92 /* Tracker.m */,
				1AE44D061CD2116100B48B92 /* TimedTracker.h */,
				1AE44D071CD2116100B48B92 /* TimedTracker.m */,
				1AE44D081CD2116100B48B92 /* TimedTrackerDelegate.h */,
				1AE44D091CD2116100B48B92 /* TimedEvent.h */,
				1AE44D0A1CD2116100B48B92 /* TimedEvent.m */,
				1AE44D0B1CD2116100B48B92 /* CounterTracker.h */,
				1AE44D0C1CD2116100B48B92 /* CounterTracker.m */,
				1AE44D111CD2116100B48B92 /* MockedTracker.h */,
				1AE44D121CD2116100B48B92 /* MockedTracker.m */,
				1AE44D611CD219FE00B48B92 /* SegmentIOTracker.h */,
				1AE44D621CD219FE00B48B92 /* SegmentIOTracker.m */,
				1AE44D651CD24C3100B48B92 /* SegmentIOTrackerTests.m */,
				1AE44D171CD2116100B48B92 /* TrackerManager.h */,
				1AE44D181CD2116100B48B92 /* TrackerManager.m */,
				1AE44D191CD2116100B48B92 /* TrackerPersister.h */,
				1AE44D1A1CD2116100B48B92 /* TrackerPersister.m */,
				1AE44D261CD2116100B48B92 /* invalid.json */,
				1AE44D271CD2116100B48B92 /* wrongtype.json */,
				1AE44D281CD2116100B48B92 /* NSMutableArray+Shuffle.h */,
				1AE44D291CD2116100B48B92 /* NSMutableArray+Shuffle.m */,
				1AE44D2A1CD2116100B48B92 /* NSMutableArrayShuffleTests.m */,
				1AE44CFF1CD2116100B48B92 /* DeferableTrackerTests.m */,
				1AE44D1B1CD2116100B48B92 /* TrackerTests.m */,
				1AE44D1C1CD2116100B48B92 /* TimedTrackerTests.m */,
				1AE44D1D1CD2116100B48B92 /* TimedEventTests.m */,
				1AE44D671CD24D7B00B48B92 /* NSString+MD5.h */,
				1AE44D681CD24D7B00B48B92 /* NSString+MD5.m */,
			);
			name = Tracker;
			sourceTree = "<group>";
		};
/* End PBXGroup section */

/* Begin PBXHeadersBuildPhase section */
		1AB82BF91CC40BDD00E348D4 /* Headers */ = {
			isa = PBXHeadersBuildPhase;
			buildActionMask = 2147483647;
			files = (
				1A8166FE1CC5311F00D70CBE /* MPPresentationWindowController.h in Headers */,
				1AB82C1C1CC40BEC00E348D4 /* MPPresentationController.h in Headers */,
				1AE44D581CD2116100B48B92 /* NSMutableArray+Shuffle.h in Headers */,
				1AE44D3B1CD2116100B48B92 /* CounterTracker.h in Headers */,
				1AE44CFA1CD1C60800B48B92 /* MagicPresenter.h in Headers */,
				1AE44D411CD2116100B48B92 /* MockedTracker.h in Headers */,
				1AE44D391CD2116100B48B92 /* TimedEvent.h in Headers */,
				1AE44D691CD24D7B00B48B92 /* NSString+MD5.h in Headers */,
				1AE44D491CD2116100B48B92 /* TrackerPersister.h in Headers */,
				1AE44D341CD2116100B48B92 /* Tracker.h in Headers */,
				1AE44D381CD2116100B48B92 /* TimedTrackerDelegate.h in Headers */,
				1AE44D471CD2116100B48B92 /* TrackerManager.h in Headers */,
				1AB82C1F1CC40BEC00E348D4 /* MPPresentationViewController.h in Headers */,
				1AE44D321CD2116100B48B92 /* Event.h in Headers */,
				1AB82C211CC40BEC00E348D4 /* MPSlide.h in Headers */,
				1AE44D301CD2116100B48B92 /* Each.h in Headers */,
				1AE44D2D1CD2116100B48B92 /* DeferableTracker.h in Headers */,
				1AE44D361CD2116100B48B92 /* TimedTracker.h in Headers */,
				1AE44D631CD219FE00B48B92 /* SegmentIOTracker.h in Headers */,
				1A8167021CC5321800D70CBE /* MPPresentationWindow.h in Headers */,
				1AE44D2B1CD2116100B48B92 /* Deferrable.h in Headers */,
				1A74A55C1CC7E0CD00404E28 /* NSWindow+FullScreenMode.h in Headers */,
			);
			runOnlyForDeploymentPostprocessing = 0;
		};
/* End PBXHeadersBuildPhase section */

/* Begin PBXNativeTarget section */
		1AB82BFB1CC40BDD00E348D4 /* MagicPresenter */ = {
			isa = PBXNativeTarget;
			buildConfigurationList = 1AB82C101CC40BDD00E348D4 /* Build configuration list for PBXNativeTarget "MagicPresenter" */;
			buildPhases = (
				1AB82BF71CC40BDD00E348D4 /* Sources */,
				1AB82BF81CC40BDD00E348D4 /* Frameworks */,
				1AB82BF91CC40BDD00E348D4 /* Headers */,
				1AB82BFA1CC40BDD00E348D4 /* Resources */,
				1AB82C221CC40C1100E348D4 /* CopyFiles */,
				1AB82C241CC40C2100E348D4 /* ShellScript */,
			);
			buildRules = (
			);
			dependencies = (
			);
			name = MagicPresenter;
			productName = Presentation;
			productReference = 1AB82BFC1CC40BDD00E348D4 /* MagicPresenter.framework */;
			productType = "com.apple.product-type.framework";
		};
		1AB82C051CC40BDD00E348D4 /* MagicPresenterTests */ = {
			isa = PBXNativeTarget;
			buildConfigurationList = 1AB82C131CC40BDD00E348D4 /* Build configuration list for PBXNativeTarget "MagicPresenterTests" */;
			buildPhases = (
				1AB82C021CC40BDD00E348D4 /* Sources */,
				1AB82C031CC40BDD00E348D4 /* Frameworks */,
				1AB82C041CC40BDD00E348D4 /* Resources */,
			);
			buildRules = (
			);
			dependencies = (
				1AB82C091CC40BDD00E348D4 /* PBXTargetDependency */,
			);
			name = MagicPresenterTests;
			productName = PresentationTests;
			productReference = 1AB82C061CC40BDD00E348D4 /* MagicPresenter.xctest */;
			productType = "com.apple.product-type.bundle.unit-test";
		};
/* End PBXNativeTarget section */

/* Begin PBXProject section */
		1AB82BF31CC40BDD00E348D4 /* Project object */ = {
			isa = PBXProject;
			attributes = {
				CLASSPREFIX = MP;
				LastUpgradeCheck = 0720;
				ORGANIZATIONNAME = MagicSketch;
				TargetAttributes = {
					1AB82BFB1CC40BDD00E348D4 = {
						CreatedOnToolsVersion = 7.2;
					};
					1AB82C051CC40BDD00E348D4 = {
						CreatedOnToolsVersion = 7.2;
					};
				};
			};
			buildConfigurationList = 1AB82BF61CC40BDD00E348D4 /* Build configuration list for PBXProject "MagicPresenter" */;
			compatibilityVersion = "Xcode 3.2";
			developmentRegion = English;
			hasScannedForEncodings = 0;
			knownRegions = (
				en,
			);
			mainGroup = 1AB82BF21CC40BDD00E348D4;
			productRefGroup = 1AB82BFD1CC40BDD00E348D4 /* Products */;
			projectDirPath = "";
			projectRoot = "";
			targets = (
				1AB82BFB1CC40BDD00E348D4 /* MagicPresenter */,
				1AB82C051CC40BDD00E348D4 /* MagicPresenterTests */,
			);
		};
/* End PBXProject section */

/* Begin PBXResourcesBuildPhase section */
		1AB82BFA1CC40BDD00E348D4 /* Resources */ = {
			isa = PBXResourcesBuildPhase;
			buildActionMask = 2147483647;
			files = (
				1AB82C1E1CC40BEC00E348D4 /* MPPresentation.storyboard in Resources */,
				1AE44D571CD2116100B48B92 /* wrongtype.json in Resources */,
				1AE44D561CD2116100B48B92 /* invalid.json in Resources */,
			);
			runOnlyForDeploymentPostprocessing = 0;
		};
		1AB82C041CC40BDD00E348D4 /* Resources */ = {
			isa = PBXResourcesBuildPhase;
			buildActionMask = 2147483647;
			files = (
			);
			runOnlyForDeploymentPostprocessing = 0;
		};
/* End PBXResourcesBuildPhase section */

/* Begin PBXShellScriptBuildPhase section */
		1AB82C241CC40C2100E348D4 /* ShellScript */ = {
			isa = PBXShellScriptBuildPhase;
			buildActionMask = 2147483647;
			files = (
			);
			inputPaths = (
			);
			outputPaths = (
			);
			runOnlyForDeploymentPostprocessing = 0;
			shellPath = /bin/sh;
			shellScript = "cd ${PROJECT_DIR}\n#./install.sh\nkillall Sketch\nkillall Sketch\\ Beta\n./test.sh";
		};
/* End PBXShellScriptBuildPhase section */

/* Begin PBXSourcesBuildPhase section */
		1AB82BF71CC40BDD00E348D4 /* Sources */ = {
			isa = PBXSourcesBuildPhase;
			buildActionMask = 2147483647;
			files = (
				1AE44D371CD2116100B48B92 /* TimedTracker.m in Sources */,
				1AE44D311CD2116100B48B92 /* Each.m in Sources */,
				1A74A55D1CC7E0CD00404E28 /* NSWindow+FullScreenMode.m in Sources */,
				1AE44D4A1CD2116100B48B92 /* TrackerPersister.m in Sources */,
				1AE44D3C1CD2116100B48B92 /* CounterTracker.m in Sources */,
				1AE44D331CD2116100B48B92 /* Event.m in Sources */,
				1AE44D2E1CD2116100B48B92 /* DeferableTracker.m in Sources */,
				1AB82C201CC40BEC00E348D4 /* MPPresentationViewController.m in Sources */,
				1AE44D3A1CD2116100B48B92 /* TimedEvent.m in Sources */,
				1A8166FF1CC5311F00D70CBE /* MPPresentationWindowController.m in Sources */,
				1AE44D351CD2116100B48B92 /* Tracker.m in Sources */,
				1AB82C1D1CC40BEC00E348D4 /* MPPresentationController.m in Sources */,
				1AE44D6A1CD24D7B00B48B92 /* NSString+MD5.m in Sources */,
				1AE44D421CD2116100B48B92 /* MockedTracker.m in Sources */,
				1AE44D591CD2116100B48B92 /* NSMutableArray+Shuffle.m in Sources */,
				1A8167031CC5321800D70CBE /* MPPresentationWindow.m in Sources */,
				1AE44D481CD2116100B48B92 /* TrackerManager.m in Sources */,
				1AE44D641CD219FE00B48B92 /* SegmentIOTracker.m in Sources */,
			);
			runOnlyForDeploymentPostprocessing = 0;
		};
		1AB82C021CC40BDD00E348D4 /* Sources */ = {
			isa = PBXSourcesBuildPhase;
			buildActionMask = 2147483647;
			files = (
				1AE44D661CD24C3100B48B92 /* SegmentIOTrackerTests.m in Sources */,
				1AE44D5F1CD211CA00B48B92 /* DeferableTrackerTests.m in Sources */,
				1AE44D5E1CD2119100B48B92 /* TimedEventTests.m in Sources */,
				1AE44D5C1CD2119100B48B92 /* TrackerTests.m in Sources */,
				1AE44D601CD211E200B48B92 /* NSMutableArrayShuffleTests.m in Sources */,
				1AE44D5D1CD2119100B48B92 /* TimedTrackerTests.m in Sources */,
				1AB82C0C1CC40BDD00E348D4 /* PresentationTests.m in Sources */,
			);
			runOnlyForDeploymentPostprocessing = 0;
		};
/* End PBXSourcesBuildPhase section */

/* Begin PBXTargetDependency section */
		1AB82C091CC40BDD00E348D4 /* PBXTargetDependency */ = {
			isa = PBXTargetDependency;
			target = 1AB82BFB1CC40BDD00E348D4 /* MagicPresenter */;
			targetProxy = 1AB82C081CC40BDD00E348D4 /* PBXContainerItemProxy */;
		};
/* End PBXTargetDependency section */

/* Begin XCBuildConfiguration section */
		1AB82C0E1CC40BDD00E348D4 /* Debug */ = {
			isa = XCBuildConfiguration;
			buildSettings = {
				ALWAYS_SEARCH_USER_PATHS = NO;
				CLANG_CXX_LANGUAGE_STANDARD = "gnu++0x";
				CLANG_CXX_LIBRARY = "libc++";
				CLANG_ENABLE_MODULES = YES;
				CLANG_ENABLE_OBJC_ARC = YES;
				CLANG_WARN_BOOL_CONVERSION = YES;
				CLANG_WARN_CONSTANT_CONVERSION = YES;
				CLANG_WARN_DIRECT_OBJC_ISA_USAGE = YES_ERROR;
				CLANG_WARN_EMPTY_BODY = YES;
				CLANG_WARN_ENUM_CONVERSION = YES;
				CLANG_WARN_INT_CONVERSION = YES;
				CLANG_WARN_OBJC_ROOT_CLASS = YES_ERROR;
				CLANG_WARN_UNREACHABLE_CODE = YES;
				CLANG_WARN__DUPLICATE_METHOD_MATCH = YES;
				CODE_SIGN_IDENTITY = "-";
				COPY_PHASE_STRIP = NO;
				CURRENT_PROJECT_VERSION = 1;
				DEBUG_INFORMATION_FORMAT = dwarf;
				ENABLE_STRICT_OBJC_MSGSEND = YES;
				ENABLE_TESTABILITY = YES;
				GCC_C_LANGUAGE_STANDARD = gnu99;
				GCC_DYNAMIC_NO_PIC = NO;
				GCC_NO_COMMON_BLOCKS = YES;
				GCC_OPTIMIZATION_LEVEL = 0;
				GCC_PREPROCESSOR_DEFINITIONS = (
					"DEBUG=1",
					"$(inherited)",
				);
				GCC_WARN_64_TO_32_BIT_CONVERSION = YES;
				GCC_WARN_ABOUT_RETURN_TYPE = YES_ERROR;
				GCC_WARN_UNDECLARED_SELECTOR = YES;
				GCC_WARN_UNINITIALIZED_AUTOS = YES_AGGRESSIVE;
				GCC_WARN_UNUSED_FUNCTION = YES;
				GCC_WARN_UNUSED_VARIABLE = YES;
				MACOSX_DEPLOYMENT_TARGET = 10.11;
				MTL_ENABLE_DEBUG_INFO = YES;
				ONLY_ACTIVE_ARCH = YES;
				SDKROOT = macosx;
				VERSIONING_SYSTEM = "apple-generic";
				VERSION_INFO_PREFIX = "";
			};
			name = Debug;
		};
		1AB82C0F1CC40BDD00E348D4 /* Release */ = {
			isa = XCBuildConfiguration;
			buildSettings = {
				ALWAYS_SEARCH_USER_PATHS = NO;
				CLANG_CXX_LANGUAGE_STANDARD = "gnu++0x";
				CLANG_CXX_LIBRARY = "libc++";
				CLANG_ENABLE_MODULES = YES;
				CLANG_ENABLE_OBJC_ARC = YES;
				CLANG_WARN_BOOL_CONVERSION = YES;
				CLANG_WARN_CONSTANT_CONVERSION = YES;
				CLANG_WARN_DIRECT_OBJC_ISA_USAGE = YES_ERROR;
				CLANG_WARN_EMPTY_BODY = YES;
				CLANG_WARN_ENUM_CONVERSION = YES;
				CLANG_WARN_INT_CONVERSION = YES;
				CLANG_WARN_OBJC_ROOT_CLASS = YES_ERROR;
				CLANG_WARN_UNREACHABLE_CODE = YES;
				CLANG_WARN__DUPLICATE_METHOD_MATCH = YES;
				CODE_SIGN_IDENTITY = "-";
				COPY_PHASE_STRIP = NO;
				CURRENT_PROJECT_VERSION = 1;
				DEBUG_INFORMATION_FORMAT = "dwarf-with-dsym";
				ENABLE_NS_ASSERTIONS = NO;
				ENABLE_STRICT_OBJC_MSGSEND = YES;
				GCC_C_LANGUAGE_STANDARD = gnu99;
				GCC_NO_COMMON_BLOCKS = YES;
				GCC_WARN_64_TO_32_BIT_CONVERSION = YES;
				GCC_WARN_ABOUT_RETURN_TYPE = YES_ERROR;
				GCC_WARN_UNDECLARED_SELECTOR = YES;
				GCC_WARN_UNINITIALIZED_AUTOS = YES_AGGRESSIVE;
				GCC_WARN_UNUSED_FUNCTION = YES;
				GCC_WARN_UNUSED_VARIABLE = YES;
				MACOSX_DEPLOYMENT_TARGET = 10.11;
				MTL_ENABLE_DEBUG_INFO = NO;
				SDKROOT = macosx;
				VERSIONING_SYSTEM = "apple-generic";
				VERSION_INFO_PREFIX = "";
			};
			name = Release;
		};
		1AB82C111CC40BDD00E348D4 /* Debug */ = {
			isa = XCBuildConfiguration;
			buildSettings = {
				COMBINE_HIDPI_IMAGES = YES;
				DEFINES_MODULE = YES;
				DYLIB_COMPATIBILITY_VERSION = 1;
				DYLIB_CURRENT_VERSION = 1;
				DYLIB_INSTALL_NAME_BASE = "@rpath";
				FRAMEWORK_VERSION = A;
				INFOPLIST_FILE = MPPresentation/Info.plist;
				INSTALL_PATH = "$(LOCAL_LIBRARY_DIR)/Frameworks";
				LD_RUNPATH_SEARCH_PATHS = "$(inherited) @executable_path/../Frameworks @loader_path/Frameworks";
				PRODUCT_BUNDLE_IDENTIFIER = io.magicsketch.presenter;
				PRODUCT_NAME = MagicPresenter;
				SKIP_INSTALL = YES;
			};
			name = Debug;
		};
		1AB82C121CC40BDD00E348D4 /* Release */ = {
			isa = XCBuildConfiguration;
			buildSettings = {
				COMBINE_HIDPI_IMAGES = YES;
				DEFINES_MODULE = YES;
				DYLIB_COMPATIBILITY_VERSION = 1;
				DYLIB_CURRENT_VERSION = 1;
				DYLIB_INSTALL_NAME_BASE = "@rpath";
				FRAMEWORK_VERSION = A;
				INFOPLIST_FILE = MPPresentation/Info.plist;
				INSTALL_PATH = "$(LOCAL_LIBRARY_DIR)/Frameworks";
				LD_RUNPATH_SEARCH_PATHS = "$(inherited) @executable_path/../Frameworks @loader_path/Frameworks";
				PRODUCT_BUNDLE_IDENTIFIER = io.magicsketch.presenter;
				PRODUCT_NAME = MagicPresenter;
				SKIP_INSTALL = YES;
			};
			name = Release;
		};
		1AB82C141CC40BDD00E348D4 /* Debug */ = {
			isa = XCBuildConfiguration;
			buildSettings = {
				COMBINE_HIDPI_IMAGES = YES;
				INFOPLIST_FILE = MPPresentationTests/Info.plist;
				LD_RUNPATH_SEARCH_PATHS = "$(inherited) @executable_path/../Frameworks @loader_path/../Frameworks";
				PRODUCT_BUNDLE_IDENTIFIER = io.magicsketch.PresentationTests;
				PRODUCT_NAME = MagicPresenter;
			};
			name = Debug;
		};
		1AB82C151CC40BDD00E348D4 /* Release */ = {
			isa = XCBuildConfiguration;
			buildSettings = {
				COMBINE_HIDPI_IMAGES = YES;
				INFOPLIST_FILE = MPPresentationTests/Info.plist;
				LD_RUNPATH_SEARCH_PATHS = "$(inherited) @executable_path/../Frameworks @loader_path/../Frameworks";
				PRODUCT_BUNDLE_IDENTIFIER = io.magicsketch.PresentationTests;
				PRODUCT_NAME = MagicPresenter;
			};
			name = Release;
		};
/* End XCBuildConfiguration section */

/* Begin XCConfigurationList section */
		1AB82BF61CC40BDD00E348D4 /* Build configuration list for PBXProject "MagicPresenter" */ = {
			isa = XCConfigurationList;
			buildConfigurations = (
				1AB82C0E1CC40BDD00E348D4 /* Debug */,
				1AB82C0F1CC40BDD00E348D4 /* Release */,
			);
			defaultConfigurationIsVisible = 0;
			defaultConfigurationName = Release;
		};
		1AB82C101CC40BDD00E348D4 /* Build configuration list for PBXNativeTarget "MagicPresenter" */ = {
			isa = XCConfigurationList;
			buildConfigurations = (
				1AB82C111CC40BDD00E348D4 /* Debug */,
				1AB82C121CC40BDD00E348D4 /* Release */,
			);
			defaultConfigurationIsVisible = 0;
			defaultConfigurationName = Release;
		};
		1AB82C131CC40BDD00E348D4 /* Build configuration list for PBXNativeTarget "MagicPresenterTests" */ = {
			isa = XCConfigurationList;
			buildConfigurations = (
				1AB82C141CC40BDD00E348D4 /* Debug */,
				1AB82C151CC40BDD00E348D4 /* Release */,
			);
			defaultConfigurationIsVisible = 0;
			defaultConfigurationName = Release;
		};
/* End XCConfigurationList section */
	};
	rootObject = 1AB82BF31CC40BDD00E348D4 /* Project object */;
}
